
Microsoft Visual Studio Solution File, Format Version 12.00
# Visual Studio Version 17
VisualStudioVersion = 17.3.32811.315
MinimumVisualStudioVersion = 10.0.40219.1
Project("{FAE04EC0-301F-11D3-BF4B-00C04F79EFBC}") = "Project1", "Project1.csproj", "{360DC38B-A3D8-4E2D-BEE4-B39E69BE499D}"
EndProject
Project("{FAE04EC0-301F-11D3-BF4B-00C04F79EFBC}") = "Pro01_20CT114", "..\..\CSharpProgramming2022-Develop\Projects\Pro01_20CT114\Pro01_20CT114.csproj", "{5688DB57-04E3-4B35-8A97-4BA49C1517FB}"
EndProject
Global
	GlobalSection(SolutionConfigurationPlatforms) = preSolution
		Debug|Any CPU = Debug|Any CPU
		Release|Any CPU = Release|Any CPU
	EndGlobalSection
	GlobalSection(ProjectConfigurationPlatforms) = postSolution
		{360DC38B-A3D8-4E2D-BEE4-B39E69BE499D}.Debug|Any CPU.ActiveCfg = Debug|Any CPU
		{360DC38B-A3D8-4E2D-BEE4-B39E69BE499D}.Debug|Any CPU.Build.0 = Debug|Any CPU
		{360DC38B-A3D8-4E2D-BEE4-B39E69BE499D}.Release|Any CPU.ActiveCfg = Release|Any CPU
		{360DC38B-A3D8-4E2D-BEE4-B39E69BE499D}.Release|Any CPU.Build.0 = Release|Any CPU
		{5688DB57-04E3-4B35-8A97-4BA49C1517FB}.Debug|Any CPU.ActiveCfg = Debug|Any CPU
		{5688DB57-04E3-4B35-8A97-4BA49C1517FB}.Debug|Any CPU.Build.0 = Debug|Any CPU
		{5688DB57-04E3-4B35-8A97-4BA49C1517FB}.Release|Any CPU.ActiveCfg = Release|Any CPU
		{5688DB57-04E3-4B35-8A97-4BA49C1517FB}.Release|Any CPU.Build.0 = Release|Any CPU
	EndGlobalSection
	GlobalSection(SolutionProperties) = preSolution
		HideSolutionNode = FALSE
	EndGlobalSection
	GlobalSection(ExtensibilityGlobals) = postSolution
		SolutionGuid = {F7E02CEF-CF5E-4D9A-9D6D-E780D92155FC}
	EndGlobalSection
EndGlobal
